github.com/go-chi/chi/v5 v5.1.0 h1:acVI1TYaD+hhedDJ3r54HyA6sExp3HfXq7QWEEY/xMw=
github.com/go-chi/chi/v5 v5.1.0/go.mod h1:DslCQbL2OYiznFReuXYUmQ2hGd1aDpCnlMNITLSKoi8=
github.com/go-chi/cors v1.2.1 h1:xEC8UT3Rlp2QuWNEr4Fs/c2EAGVKBwy/1vHx3bppil4=
github.com/go-chi/cors v1.2.1/go.mod h1:sSbTewc+6wYHBBCW7ytsFSn836hqM7JxpglAy2Vzc58=
github.com/joeychilson/onnx v0.0.0-20241123231314-69c7aecc41ea h1:hmfCm/XucdC0Ko3HGIs33E8l9+7iWFa38YUtq0fi1YE=
github.com/joeychilson/onnx v0.0.0-20241123231314-69c7aecc41ea/go.mod h1:DKlw79NNX3SsxhxL2wpNtjJWhxd1X07ZSKinifF/IgU=
github.com/yalue/onnxruntime_go v1.13.0 h1:5HDXHon3EukQMyYA7yPMed/raWaDE/gjwLOwnVoiwy8=
github.com/yalue/onnxruntime_go v1.13.0/go.mod h1:b4X26A8pekNb1ACJ58wAXgNKeUCGEAQ9dmACut9Sm/4=
golang.org/x/image v0.22.0 h1:UtK5yLUzilVrkjMAZAZ34DXGpASN8i8pj8g+O+yd10g=
golang.org/x/image v0.22.0/go.mod h1:9hPFhljd4zZ1GNSIZJ49sqbp45GKK9t6w+iXvGqZUz4=
